// !$*UTF8*$!
{
	archiveVersion = 1;
	classes = {
	};
	objectVersion = 46;
	objects = {

/* Begin PBXBuildFile section */
		C593C6E91E610A26006FCCFB /* monofonto.ttf in Resources */ = {isa = PBXBuildFile; fileRef = C593C6E81E610A26006FCCFB /* monofonto.ttf */; };
		C5A444891E67640A00103805 /* check.png in Resources */ = {isa = PBXBuildFile; fileRef = C5A444881E67640A00103805 /* check.png */; };
		C5D30B0A1E5D338E00B67C13 /* AppDelegate.swift in Sources */ = {isa = PBXBuildFile; fileRef = C5D30B091E5D338E00B67C13 /* AppDelegate.swift */; };
		C5D30B0C1E5D338E00B67C13 /* ViewController.swift in Sources */ = {isa = PBXBuildFile; fileRef = C5D30B0B1E5D338E00B67C13 /* ViewController.swift */; };
		C5D30B0F1E5D338E00B67C13 /* Main.storyboard in Resources */ = {isa = PBXBuildFile; fileRef = C5D30B0D1E5D338E00B67C13 /* Main.storyboard */; };
		C5D30B111E5D338F00B67C13 /* Assets.xcassets in Resources */ = {isa = PBXBuildFile; fileRef = C5D30B101E5D338F00B67C13 /* Assets.xcassets */; };
		C5D30B141E5D338F00B67C13 /* LaunchScreen.storyboard in Resources */ = {isa = PBXBuildFile; fileRef = C5D30B121E5D338F00B67C13 /* LaunchScreen.storyboard */; };
		C5D30B1F1E5E174800B67C13 /* settings.png in Resources */ = {isa = PBXBuildFile; fileRef = C5D30B1E1E5E174800B67C13 /* settings.png */; };
		C5D30B211E5E180000B67C13 /* settings-2.png in Resources */ = {isa = PBXBuildFile; fileRef = C5D30B201E5E180000B67C13 /* settings-2.png */; };
		C5D30B231E5E185900B67C13 /* home.png in Resources */ = {isa = PBXBuildFile; fileRef = C5D30B221E5E185900B67C13 /* home.png */; };
		C5D30B291E5E35D000B67C13 /* HomeViewController.swift in Sources */ = {isa = PBXBuildFile; fileRef = C5D30B281E5E35D000B67C13 /* HomeViewController.swift */; };
		C5D30B2B1E5E398400B67C13 /* SettingsViewController.swift in Sources */ = {isa = PBXBuildFile; fileRef = C5D30B2A1E5E398400B67C13 /* SettingsViewController.swift */; };
/* End PBXBuildFile section */

/* Begin PBXFileReference section */
		C593C6E81E610A26006FCCFB /* monofonto.ttf */ = {isa = PBXFileReference; lastKnownFileType = file; path = monofonto.ttf; sourceTree = "<group>"; };
		C5A444881E67640A00103805 /* check.png */ = {isa = PBXFileReference; lastKnownFileType = image.png; path = check.png; sourceTree = "<group>"; };
		C5D30B061E5D338E00B67C13 /* AdditionTesterFun.app */ = {isa = PBXFileReference; explicitFileType = wrapper.application; includeInIndex = 0; path = AdditionTesterFun.app; sourceTree = BUILT_PRODUCTS_DIR; };
		C5D30B091E5D338E00B67C13 /* AppDelegate.swift */ = {isa = PBXFileReference; lastKnownFileType = sourcecode.swift; path = AppDelegate.swift; sourceTree = "<group>"; };
		C5D30B0B1E5D338E00B67C13 /* ViewController.swift */ = {isa = PBXFileReference; lastKnownFileType = sourcecode.swift; path = ViewController.swift; sourceTree = "<group>"; };
		C5D30B0E1E5D338E00B67C13 /* Base */ = {isa = PBXFileReference; lastKnownFileType = file.storyboard; name = Base; path = Base.lproj/Main.storyboard; sourceTree = "<group>"; };
		C5D30B101E5D338F00B67C13 /* Assets.xcassets */ = {isa = PBXFileReference; lastKnownFileType = folder.assetcatalog; path = Assets.xcassets; sourceTree = "<group>"; };
		C5D30B131E5D338F00B67C13 /* Base */ = {isa = PBXFileReference; lastKnownFileType = file.storyboard; name = Base; path = Base.lproj/LaunchScreen.storyboard; sourceTree = "<group>"; };
		C5D30B151E5D338F00B67C13 /* Info.plist */ = {isa = PBXFileReference; lastKnownFileType = text.plist.xml; path = Info.plist; sourceTree = "<group>"; };
		C5D30B1E1E5E174800B67C13 /* settings.png */ = {isa = PBXFileReference; lastKnownFileType = image.png; path = settings.png; sourceTree = "<group>"; };
		C5D30B201E5E180000B67C13 /* settings-2.png */ = {isa = PBXFileReference; lastKnownFileType = image.png; path = "settings-2.png"; sourceTree = "<group>"; };
		C5D30B221E5E185900B67C13 /* home.png */ = {isa = PBXFileReference; lastKnownFileType = image.png; path = home.png; sourceTree = "<group>"; };
		C5D30B281E5E35D000B67C13 /* HomeViewController.swift */ = {isa = PBXFileReference; fileEncoding = 4; lastKnownFileType = sourcecode.swift; name = HomeViewController.swift; path = ../HomeViewController.swift; sourceTree = "<group>"; };
		C5D30B2A1E5E398400B67C13 /* SettingsViewController.swift */ = {isa = PBXFileReference; fileEncoding = 4; lastKnownFileType = sourcecode.swift; name = SettingsViewController.swift; path = ../SettingsViewController.swift; sourceTree = "<group>"; };
/* End PBXFileReference section */

/* Begin PBXFrameworksBuildPhase section */
		C5D30B031E5D338E00B67C13 /* Frameworks */ = {
			isa = PBXFrameworksBuildPhase;
			buildActionMask = 2147483647;
			files = (
			);
			runOnlyForDeploymentPostprocessing = 0;
		};
/* End PBXFrameworksBuildPhase section */

/* Begin PBXGroup section */
		C5D30AFD1E5D338E00B67C13 = {
			isa = PBXGroup;
			children = (
				C5D30B081E5D338E00B67C13 /* AdditionTesterFun */,
				C5D30B071E5D338E00B67C13 /* Products */,
				C5D30B1E1E5E174800B67C13 /* settings.png */,
				C5D30B201E5E180000B67C13 /* settings-2.png */,
				C5D30B221E5E185900B67C13 /* home.png */,
				C593C6E81E610A26006FCCFB /* monofonto.ttf */,
				C5A444881E67640A00103805 /* check.png */,
			);
			sourceTree = "<group>";
		};
		C5D30B071E5D338E00B67C13 /* Products */ = {
			isa = PBXGroup;
			children = (
				C5D30B061E5D338E00B67C13 /* AdditionTesterFun.app */,
			);
			name = Products;
			sourceTree = "<group>";
		};
		C5D30B081E5D338E00B67C13 /* AdditionTesterFun */ = {
			isa = PBXGroup;
			children = (
				C5D30B091E5D338E00B67C13 /* AppDelegate.swift */,
				C5D30B0B1E5D338E00B67C13 /* ViewController.swift */,
				C5D30B281E5E35D000B67C13 /* HomeViewController.swift */,
				C5D30B2A1E5E398400B67C13 /* SettingsViewController.swift */,
				C5D30B0D1E5D338E00B67C13 /* Main.storyboard */,
				C5D30B101E5D338F00B67C13 /* Assets.xcassets */,
				C5D30B121E5D338F00B67C13 /* LaunchScreen.storyboard */,
				C5D30B151E5D338F00B67C13 /* Info.plist */,
			);
			path = AdditionTesterFun;
			sourceTree = "<group>";
		};
/* End PBXGroup section */

/* Begin PBXNativeTarget section */
		C5D30B051E5D338E00B67C13 /* AdditionTesterFun */ = {
			isa = PBXNativeTarget;
			buildConfigurationList = C5D30B181E5D338F00B67C13 /* Build configuration list for PBXNativeTarget "AdditionTesterFun" */;
			buildPhases = (
				C5D30B021E5D338E00B67C13 /* Sources */,
				C5D30B031E5D338E00B67C13 /* Frameworks */,
				C5D30B041E5D338E00B67C13 /* Resources */,
			);
			buildRules = (
			);
			dependencies = (
			);
			name = AdditionTesterFun;
			productName = AdditionTesterFun;
			productReference = C5D30B061E5D338E00B67C13 /* AdditionTesterFun.app */;
			productType = "com.apple.product-type.application";
		};
/* End PBXNativeTarget section */

/* Begin PBXProject section */
		C5D30AFE1E5D338E00B67C13 /* Project object */ = {
			isa = PBXProject;
			attributes = {
				LastSwiftUpdateCheck = 0820;
				LastUpgradeCheck = 0820;
				ORGANIZATIONNAME = GetRunGo;
				TargetAttributes = {
					C5D30B051E5D338E00B67C13 = {
						CreatedOnToolsVersion = 8.2.1;
						DevelopmentTeam = C755RRL7QU;
						ProvisioningStyle = Automatic;
					};
				};
			};
			buildConfigurationList = C5D30B011E5D338E00B67C13 /* Build configuration list for PBXProject "AdditionTesterFun" */;
			compatibilityVersion = "Xcode 3.2";
			developmentRegion = English;
			hasScannedForEncodings = 0;
			knownRegions = (
				en,
				Base,
			);
			mainGroup = C5D30AFD1E5D338E00B67C13;
			productRefGroup = C5D30B071E5D338E00B67C13 /* Products */;
			projectDirPath = "";
			projectRoot = "";
			targets = (
				C5D30B051E5D338E00B67C13 /* AdditionTesterFun */,
			);
		};
/* End PBXProject section */

/* Begin PBXResourcesBuildPhase section */
		C5D30B041E5D338E00B67C13 /* Resources */ = {
			isa = PBXResourcesBuildPhase;
			buildActionMask = 2147483647;
			files = (
				C5D30B1F1E5E174800B67C13 /* settings.png in Resources */,
				C5D30B141E5D338F00B67C13 /* LaunchScreen.storyboard in Resources */,
				C5A444891E67640A00103805 /* check.png in Resources */,
				C5D30B231E5E185900B67C13 /* home.png in Resources */,
				C5D30B111E5D338F00B67C13 /* Assets.xcassets in Resources */,
				C5D30B0F1E5D338E00B67C13 /* Main.storyboard in Resources */,
				C593C6E91E610A26006FCCFB /* monofonto.ttf in Resources */,
				C5D30B211E5E180000B67C13 /* settings-2.png in Resources */,
			);
			runOnlyForDeploymentPostprocessing = 0;
		};
/* End PBXResourcesBuildPhase section */

/* Begin PBXSourcesBuildPhase section */
		C5D30B021E5D338E00B67C13 /* Sources */ = {
			isa = PBXSourcesBuildPhase;
			buildActionMask = 2147483647;
			files = (
				C5D30B0C1E5D338E00B67C13 /* ViewController.swift in Sources */,
				C5D30B0A1E5D338E00B67C13 /* AppDelegate.swift in Sources */,
				C5D30B291E5E35D000B67C13 /* HomeViewController.swift in Sources */,
				C5D30B2B1E5E398400B67C13 /* SettingsViewController.swift in Sources */,
			);
			runOnlyForDeploymentPostprocessing = 0;
		};
/* End PBXSourcesBuildPhase section */

/* Begin PBXVariantGroup section */
		C5D30B0D1E5D338E00B67C13 /* Main.storyboard */ = {
			isa = PBXVariantGroup;
			children = (
				C5D30B0E1E5D338E00B67C13 /* Base */,
			);
			name = Main.storyboard;
			sourceTree = "<group>";
		};
		C5D30B121E5D338F00B67C13 /* LaunchScreen.storyboard */ = {
			isa = PBXVariantGroup;
			children = (
				C5D30B131E5D338F00B67C13 /* Base */,
			);
			name = LaunchScreen.storyboard;
			sourceTree = "<group>";
		};
/* End PBXVariantGroup section */

/* Begin XCBuildConfiguration section */
		C5D30B161E5D338F00B67C13 /* Debug */ = {
			isa = XCBuildConfiguration;
			buildSettings = {
				ALWAYS_SEARCH_USER_PATHS = NO;
				CLANG_ANALYZER_NONNULL = YES;
				CLANG_CXX_LANGUAGE_STANDARD = "gnu++0x";
				CLANG_CXX_LIBRARY = "libc++";
				CLANG_ENABLE_MODULES = YES;
				CLANG_ENABLE_OBJC_ARC = YES;
				CLANG_WARN_BOOL_CONVERSION = YES;
				CLANG_WARN_CONSTANT_CONVERSION = YES;
				CLANG_WARN_DIRECT_OBJC_ISA_USAGE = YES_ERROR;
				CLANG_WARN_DOCUMENTATION_COMMENTS = YES;
				CLANG_WARN_EMPTY_BODY = YES;
				CLANG_WARN_ENUM_CONVERSION = YES;
				CLANG_WARN_INFINITE_RECURSION = YES;
				CLANG_WARN_INT_CONVERSION = YES;
				CLANG_WARN_OBJC_ROOT_CLASS = YES_ERROR;
				CLANG_WARN_SUSPICIOUS_MOVE = YES;
				CLANG_WARN_UNREACHABLE_CODE = YES;
				CLANG_WARN__DUPLICATE_METHOD_MATCH = YES;
				"CODE_SIGN_IDENTITY[sdk=iphoneos*]" = "iPhone Developer";
				COPY_PHASE_STRIP = NO;
				DEBUG_INFORMATION_FORMAT = dwarf;
				ENABLE_STRICT_OBJC_MSGSEND = YES;
				ENABLE_TESTABILITY = YES;
				GCC_C_LANGUAGE_STANDARD = gnu99;
				GCC_DYNAMIC_NO_PIC = NO;
				GCC_NO_COMMON_BLOCKS = YES;
				GCC_OPTIMIZATION_LEVEL = 0;
				GCC_PREPROCESSOR_DEFINITIONS = (
					"DEBUG=1",
					"$(inherited)",
				);
				GCC_WARN_64_TO_32_BIT_CONVERSION = YES;
				GCC_WARN_ABOUT_RETURN_TYPE = YES_ERROR;
				GCC_WARN_UNDECLARED_SELECTOR = YES;
				GCC_WARN_UNINITIALIZED_AUTOS = YES_AGGRESSIVE;
				GCC_WARN_UNUSED_FUNCTION = YES;
				GCC_WARN_UNUSED_VARIABLE = YES;
				IPHONEOS_DEPLOYMENT_TARGET = 10.2;
				MTL_ENABLE_DEBUG_INFO = YES;
				ONLY_ACTIVE_ARCH = YES;
				SDKROOT = iphoneos;
				SWIFT_ACTIVE_COMPILATION_CONDITIONS = DEBUG;
				SWIFT_OPTIMIZATION_LEVEL = "-Onone";
			};
			name = Debug;
		};
		C5D30B171E5D338F00B67C13 /* Release */ = {
			isa = XCBuildConfiguration;
			buildSettings = {
				ALWAYS_SEARCH_USER_PATHS = NO;
				CLANG_ANALYZER_NONNULL = YES;
				CLANG_CXX_LANGUAGE_STANDARD = "gnu++0x";
				CLANG_CXX_LIBRARY = "libc++";
				CLANG_ENABLE_MODULES = YES;
				CLANG_ENABLE_OBJC_ARC = YES;
				CLANG_WARN_BOOL_CONVERSION = YES;
				CLANG_WARN_CONSTANT_CONVERSION = YES;
				CLANG_WARN_DIRECT_OBJC_ISA_USAGE = YES_ERROR;
				CLANG_WARN_DOCUMENTATION_COMMENTS = YES;
				CLANG_WARN_EMPTY_BODY = YES;
				CLANG_WARN_ENUM_CONVERSION = YES;
				CLANG_WARN_INFINITE_RECURSION = YES;
				CLANG_WARN_INT_CONVERSION = YES;
				CLANG_WARN_OBJC_ROOT_CLASS = YES_ERROR;
				CLANG_WARN_SUSPICIOUS_MOVE = YES;
				CLANG_WARN_UNREACHABLE_CODE = YES;
				CLANG_WARN__DUPLICATE_METHOD_MATCH = YES;
				"CODE_SIGN_IDENTITY[sdk=iphoneos*]" = "iPhone Developer";
				COPY_PHASE_STRIP = NO;
				DEBUG_INFORMATION_FORMAT = "dwarf-with-dsym";
				ENABLE_NS_ASSERTIONS = NO;
				ENABLE_STRICT_OBJC_MSGSEND = YES;
				GCC_C_LANGUAGE_STANDARD = gnu99;
				GCC_NO_COMMON_BLOCKS = YES;
				GCC_WARN_64_TO_32_BIT_CONVERSION = YES;
				GCC_WARN_ABOUT_RETURN_TYPE = YES_ERROR;
				GCC_WARN_UNDECLARED_SELECTOR = YES;
				GCC_WARN_UNINITIALIZED_AUTOS = YES_AGGRESSIVE;
				GCC_WARN_UNUSED_FUNCTION = YES;
				GCC_WARN_UNUSED_VARIABLE = YES;
				IPHONEOS_DEPLOYMENT_TARGET = 10.2;
				MTL_ENABLE_DEBUG_INFO = NO;
				SDKROOT = iphoneos;
				SWIFT_OPTIMIZATION_LEVEL = "-Owholemodule";
				VALIDATE_PRODUCT = YES;
			};
			name = Release;
		};
		C5D30B191E5D338F00B67C13 /* Debug */ = {
			isa = XCBuildConfiguration;
			buildSettings = {
				ASSETCATALOG_COMPILER_APPICON_NAME = AppIcon;
				DEVELOPMENT_TEAM = C755RRL7QU;
				INFOPLIST_FILE = AdditionTesterFun/Info.plist;
				LD_RUNPATH_SEARCH_PATHS = "$(inherited) @executable_path/Frameworks";
				PRODUCT_BUNDLE_IDENTIFIER = com.GetRunGo.AdditionTesterFun;
				PRODUCT_NAME = "$(TARGET_NAME)";
				SWIFT_VERSION = 3.0;
			};
			name = Debug;
		};
		C5D30B1A1E5D338F00B67C13 /* Release */ = {
			isa = XCBuildConfiguration;
			buildSettings = {
				ASSETCATALOG_COMPILER_APPICON_NAME = AppIcon;
				DEVELOPMENT_TEAM = C755RRL7QU;
				INFOPLIST_FILE = AdditionTesterFun/Info.plist;
				LD_RUNPATH_SEARCH_PATHS = "$(inherited) @executable_path/Frameworks";
				PRODUCT_BUNDLE_IDENTIFIER = com.GetRunGo.AdditionTesterFun;
				PRODUCT_NAME = "$(TARGET_NAME)";
				SWIFT_VERSION = 3.0;
			};
			name = Release;
		};
/* End XCBuildConfiguration section */

/* Begin XCConfigurationList section */
		C5D30B011E5D338E00B67C13 /* Build configuration list for PBXProject "AdditionTesterFun" */ = {
			isa = XCConfigurationList;
			buildConfigurations = (
				C5D30B161E5D338F00B67C13 /* Debug */,
				C5D30B171E5D338F00B67C13 /* Release */,
			);
			defaultConfigurationIsVisible = 0;
			defaultConfigurationName = Release;
		};
		C5D30B181E5D338F00B67C13 /* Build configuration list for PBXNativeTarget "AdditionTesterFun" */ = {
			isa = XCConfigurationList;
			buildConfigurations = (
				C5D30B191E5D338F00B67C13 /* Debug */,
				C5D30B1A1E5D338F00B67C13 /* Release */,
			);
			defaultConfigurationIsVisible = 0;
			defaultConfigurationName = Release;
		};
/* End XCConfigurationList section */
	};
	rootObject = C5D30AFE1E5D338E00B67C13 /* Project object */;
}
